Microsoft Visual Studio Solution File, Format Version 12.00
# Visual Studio Version 17
VisualStudioVersion = 17.10.35013.160
MinimumVisualStudioVersion = 10.0.40219.1
Project("{FAE04EC0-301F-11D3-BF4B-00C04F79EFBC}") = "AspireAppExample.AppHost", "AspireAppExample.AppHost\AspireAppExample.AppHost.csproj", "{C5A99936-F699-49EF-80DD-F78732520DB8}"
EndProject
Project("{9A19103F-16F7-4668-BE54-9A1E7A4F7556}") = "AspireAppExample.ServiceDefaults", "AspireAppExample.ServiceDefaults\AspireAppExample.ServiceDefaults.csproj", "{9D603409-195B-4D6E-BAC8-F470195D7053}"
EndProject
Project("{9A19103F-16F7-4668-BE54-9A1E7A4F7556}") = "AspireAppExample.ApiService", "AspireAppExample.ApiService\AspireAppExample.ApiService.csproj", "{549C4FB0-2579-401F-9B15-5B1BA6416115}"
EndProject
Project("{9A19103F-16F7-4668-BE54-9A1E7A4F7556}") = "AspireAppExample.Web", "AspireAppExample.Web\AspireAppExample.Web.csproj", "{4863CC4B-86F9-4A7D-86C2-CCF12EB923FB}"
EndProject
Global
	GlobalSection(SolutionConfigurationPlatforms) = preSolution
		Debug|Any CPU = Debug|Any CPU
		Release|Any CPU = Release|Any CPU
	EndGlobalSection
	GlobalSection(ProjectConfigurationPlatforms) = postSolution
		{C5A99936-F699-49EF-80DD-F78732520DB8}.Debug|Any CPU.ActiveCfg = Debug|Any CPU
		{C5A99936-F699-49EF-80DD-F78732520DB8}.Debug|Any CPU.Build.0 = Debug|Any CPU
		{C5A99936-F699-49EF-80DD-F78732520DB8}.Release|Any CPU.ActiveCfg = Release|Any CPU
		{C5A99936-F699-49EF-80DD-F78732520DB8}.Release|Any CPU.Build.0 = Release|Any CPU
		{9D603409-195B-4D6E-BAC8-F470195D7053}.Debug|Any CPU.ActiveCfg = Debug|Any CPU
		{9D603409-195B-4D6E-BAC8-F470195D7053}.Debug|Any CPU.Build.0 = Debug|Any CPU
		{9D603409-195B-4D6E-BAC8-F470195D7053}.Release|Any CPU.ActiveCfg = Release|Any CPU
		{9D603409-195B-4D6E-BAC8-F470195D7053}.Release|Any CPU.Build.0 = Release|Any CPU
		{549C4FB0-2579-401F-9B15-5B1BA6416115}.Debug|Any CPU.ActiveCfg = Debug|Any CPU
		{549C4FB0-2579-401F-9B15-5B1BA6416115}.Debug|Any CPU.Build.0 = Debug|Any CPU
		{549C4FB0-2579-401F-9B15-5B1BA6416115}.Release|Any CPU.ActiveCfg = Release|Any CPU
		{549C4FB0-2579-401F-9B15-5B1BA6416115}.Release|Any CPU.Build.0 = Release|Any CPU
		{4863CC4B-86F9-4A7D-86C2-CCF12EB923FB}.Debug|Any CPU.ActiveCfg = Debug|Any CPU
		{4863CC4B-86F9-4A7D-86C2-CCF12EB923FB}.Debug|Any CPU.Build.0 = Debug|Any CPU
		{4863CC4B-86F9-4A7D-86C2-CCF12EB923FB}.Release|Any CPU.ActiveCfg = Release|Any CPU
		{4863CC4B-86F9-4A7D-86C2-CCF12EB923FB}.Release|Any CPU.Build.0 = Release|Any CPU
	EndGlobalSection
	GlobalSection(SolutionProperties) = preSolution
		HideSolutionNode = FALSE
	EndGlobalSection
	GlobalSection(ExtensibilityGlobals) = postSolution
		SolutionGuid = {0B251EAA-36F8-47F2-9AC6-534220DB7B22}
	EndGlobalSection
EndGlobal
